{
    "name": "seekjob",
    "version": "1.3.0",
    "lockfileVersion": 2,
    "requires": true,
    "packages": {
        "": {
            "version": "1.3.0",
            "dependencies": {
                "tiny-async-pool": "^2.1.0"
            }
        },
        "node_modules/tiny-async-pool": {
            "version": "2.1.0",
            "resolved": "https://registry.npmmirror.com/tiny-async-pool/-/tiny-async-pool-2.1.0.tgz",
            "integrity": "sha512-ltAHPh/9k0STRQqaoUX52NH4ZQYAJz24ZAEwf1Zm+HYg3l9OXTWeqWKyYsHu40wF/F0rxd2N2bk5sLvX2qlSvg=="
        }
    },
    "dependencies": {
        "tiny-async-pool": {
            "version": "2.1.0",
            "resolved": "https://registry.npmmirror.com/tiny-async-pool/-/tiny-async-pool-2.1.0.tgz",
            "integrity": "sha512-ltAHPh/9k0STRQqaoUX52NH4ZQYAJz24ZAEwf1Zm+HYg3l9OXTWeqWKyYsHu40wF/F0rxd2N2bk5sLvX2qlSvg=="
        }
    }
}
